{
    "_meta": {
        "hash": {
            "sha256": "155f9d6241bd71fe0a9226e00c39925a1b37704d8c98a606df1aafbaf8faa594"
        },
        "pipfile-spec": 6,
        "requires": {
            "python_version": "3.8"
        },
        "sources": [
            {
                "name": "pypi",
                "url": "https://pypi.org/simple",
                "verify_ssl": true
            }
        ]
    },
    "default": {},
    "develop": {}
}
